
Microsoft Visual Studio Solution File, Format Version 12.00
# Visual Studio Version 16
VisualStudioVersion = 16.0.31702.278
MinimumVisualStudioVersion = 10.0.40219.1
Project("{FAE04EC0-301F-11D3-BF4B-00C04F79EFBC}") = "YemekSite", "YemekSite\YemekSite.csproj", "{09094372-79DD-4322-8470-8DA223F9E704}"
EndProject
Global
	GlobalSection(SolutionConfigurationPlatforms) = preSolution
		Debug|Any CPU = Debug|Any CPU
		Release|Any CPU = Release|Any CPU
	EndGlobalSection
	GlobalSection(ProjectConfigurationPlatforms) = postSolution
		{09094372-79DD-4322-8470-8DA223F9E704}.Debug|Any CPU.ActiveCfg = Debug|Any CPU
		{09094372-79DD-4322-8470-8DA223F9E704}.Debug|Any CPU.Build.0 = Debug|Any CPU
		{09094372-79DD-4322-8470-8DA223F9E704}.Release|Any CPU.ActiveCfg = Release|Any CPU
		{09094372-79DD-4322-8470-8DA223F9E704}.Release|Any CPU.Build.0 = Release|Any CPU
	EndGlobalSection
	GlobalSection(SolutionProperties) = preSolution
		HideSolutionNode = FALSE
	EndGlobalSection
	GlobalSection(ExtensibilityGlobals) = postSolution
		SolutionGuid = {01CA40CE-9B59-40A0-8399-2933F57B36F6}
	EndGlobalSection
EndGlobal
